
Microsoft Visual Studio Solution File, Format Version 12.00
# Visual Studio Version 17
VisualStudioVersion = 17.7.34031.279
MinimumVisualStudioVersion = 10.0.40219.1
Project("{FAE04EC0-301F-11D3-BF4B-00C04F79EFBC}") = "trigger_anav.Android", "trigger_anav\trigger_anav.Android\trigger_anav.Android.csproj", "{B77BF532-4AD5-49D6-89BF-CEC12E03CE85}"
EndProject
Project("{FAE04EC0-301F-11D3-BF4B-00C04F79EFBC}") = "trigger_anav.iOS", "trigger_anav\trigger_anav.iOS\trigger_anav.iOS.csproj", "{4DEA8F3A-FB86-40AB-BBDD-395B16C09B7B}"
EndProject
Project("{FAE04EC0-301F-11D3-BF4B-00C04F79EFBC}") = "trigger_anav", "trigger_anav\trigger_anav\trigger_anav.csproj", "{437F72CF-1932-40B9-87C4-A33677E7AEAF}"
EndProject
Global
	GlobalSection(SolutionConfigurationPlatforms) = preSolution
		Debug|Any CPU = Debug|Any CPU
		Debug|iPhone = Debug|iPhone
		Debug|iPhoneSimulator = Debug|iPhoneSimulator
		Release|Any CPU = Release|Any CPU
		Release|iPhone = Release|iPhone
		Release|iPhoneSimulator = Release|iPhoneSimulator
	EndGlobalSection
	GlobalSection(ProjectConfigurationPlatforms) = postSolution
		{B77BF532-4AD5-49D6-89BF-CEC12E03CE85}.Debug|Any CPU.ActiveCfg = Debug|Any CPU
		{B77BF532-4AD5-49D6-89BF-CEC12E03CE85}.Debug|Any CPU.Build.0 = Debug|Any CPU
		{B77BF532-4AD5-49D6-89BF-CEC12E03CE85}.Debug|Any CPU.Deploy.0 = Debug|Any CPU
		{B77BF532-4AD5-49D6-89BF-CEC12E03CE85}.Debug|iPhone.ActiveCfg = Debug|Any CPU
		{B77BF532-4AD5-49D6-89BF-CEC12E03CE85}.Debug|iPhone.Build.0 = Debug|Any CPU
		{B77BF532-4AD5-49D6-89BF-CEC12E03CE85}.Debug|iPhone.Deploy.0 = Debug|Any CPU
		{B77BF532-4AD5-49D6-89BF-CEC12E03CE85}.Debug|iPhoneSimulator.ActiveCfg = Debug|Any CPU
		{B77BF532-4AD5-49D6-89BF-CEC12E03CE85}.Debug|iPhoneSimulator.Build.0 = Debug|Any CPU
		{B77BF532-4AD5-49D6-89BF-CEC12E03CE85}.Debug|iPhoneSimulator.Deploy.0 = Debug|Any CPU
		{B77BF532-4AD5-49D6-89BF-CEC12E03CE85}.Release|Any CPU.ActiveCfg = Release|Any CPU
		{B77BF532-4AD5-49D6-89BF-CEC12E03CE85}.Release|Any CPU.Build.0 = Release|Any CPU
		{B77BF532-4AD5-49D6-89BF-CEC12E03CE85}.Release|Any CPU.Deploy.0 = Release|Any CPU
		{B77BF532-4AD5-49D6-89BF-CEC12E03CE85}.Release|iPhone.ActiveCfg = Release|Any CPU
		{B77BF532-4AD5-49D6-89BF-CEC12E03CE85}.Release|iPhone.Build.0 = Release|Any CPU
		{B77BF532-4AD5-49D6-89BF-CEC12E03CE85}.Release|iPhone.Deploy.0 = Release|Any CPU
		{B77BF532-4AD5-49D6-89BF-CEC12E03CE85}.Release|iPhoneSimulator.ActiveCfg = Release|Any CPU
		{B77BF532-4AD5-49D6-89BF-CEC12E03CE85}.Release|iPhoneSimulator.Build.0 = Release|Any CPU
		{B77BF532-4AD5-49D6-89BF-CEC12E03CE85}.Release|iPhoneSimulator.Deploy.0 = Release|Any CPU
		{4DEA8F3A-FB86-40AB-BBDD-395B16C09B7B}.Debug|Any CPU.ActiveCfg = Debug|iPhone
		{4DEA8F3A-FB86-40AB-BBDD-395B16C09B7B}.Debug|Any CPU.Build.0 = Debug|iPhone
		{4DEA8F3A-FB86-40AB-BBDD-395B16C09B7B}.Debug|Any CPU.Deploy.0 = Debug|iPhone
		{4DEA8F3A-FB86-40AB-BBDD-395B16C09B7B}.Debug|iPhone.ActiveCfg = Debug|iPhone
		{4DEA8F3A-FB86-40AB-BBDD-395B16C09B7B}.Debug|iPhone.Build.0 = Debug|iPhone
		{4DEA8F3A-FB86-40AB-BBDD-395B16C09B7B}.Debug|iPhone.Deploy.0 = Debug|iPhone
		{4DEA8F3A-FB86-40AB-BBDD-395B16C09B7B}.Debug|iPhoneSimulator.ActiveCfg = Debug|iPhoneSimulator
		{4DEA8F3A-FB86-40AB-BBDD-395B16C09B7B}.Debug|iPhoneSimulator.Build.0 = Debug|iPhoneSimulator
		{4DEA8F3A-FB86-40AB-BBDD-395B16C09B7B}.Debug|iPhoneSimulator.Deploy.0 = Debug|iPhoneSimulator
		{4DEA8F3A-FB86-40AB-BBDD-395B16C09B7B}.Release|Any CPU.ActiveCfg = Release|iPhoneSimulator
		{4DEA8F3A-FB86-40AB-BBDD-395B16C09B7B}.Release|Any CPU.Build.0 = Release|iPhoneSimulator
		{4DEA8F3A-FB86-40AB-BBDD-395B16C09B7B}.Release|Any CPU.Deploy.0 = Release|iPhoneSimulator
		{4DEA8F3A-FB86-40AB-BBDD-395B16C09B7B}.Release|iPhone.ActiveCfg = Release|iPhone
		{4DEA8F3A-FB86-40AB-BBDD-395B16C09B7B}.Release|iPhone.Build.0 = Release|iPhone
		{4DEA8F3A-FB86-40AB-BBDD-395B16C09B7B}.Release|iPhone.Deploy.0 = Release|iPhone
		{4DEA8F3A-FB86-40AB-BBDD-395B16C09B7B}.Release|iPhoneSimulator.ActiveCfg = Release|iPhoneSimulator
		{4DEA8F3A-FB86-40AB-BBDD-395B16C09B7B}.Release|iPhoneSimulator.Build.0 = Release|iPhoneSimulator
		{4DEA8F3A-FB86-40AB-BBDD-395B16C09B7B}.Release|iPhoneSimulator.Deploy.0 = Release|iPhoneSimulator
		{437F72CF-1932-40B9-87C4-A33677E7AEAF}.Debug|Any CPU.ActiveCfg = Debug|Any CPU
		{437F72CF-1932-40B9-87C4-A33677E7AEAF}.Debug|Any CPU.Build.0 = Debug|Any CPU
		{437F72CF-1932-40B9-87C4-A33677E7AEAF}.Debug|Any CPU.Deploy.0 = Debug|Any CPU
		{437F72CF-1932-40B9-87C4-A33677E7AEAF}.Debug|iPhone.ActiveCfg = Debug|Any CPU
		{437F72CF-1932-40B9-87C4-A33677E7AEAF}.Debug|iPhone.Build.0 = Debug|Any CPU
		{437F72CF-1932-40B9-87C4-A33677E7AEAF}.Debug|iPhone.Deploy.0 = Debug|Any CPU
		{437F72CF-1932-40B9-87C4-A33677E7AEAF}.Debug|iPhoneSimulator.ActiveCfg = Debug|Any CPU
		{437F72CF-1932-40B9-87C4-A33677E7AEAF}.Debug|iPhoneSimulator.Build.0 = Debug|Any CPU
		{437F72CF-1932-40B9-87C4-A33677E7AEAF}.Debug|iPhoneSimulator.Deploy.0 = Debug|Any CPU
		{437F72CF-1932-40B9-87C4-A33677E7AEAF}.Release|Any CPU.ActiveCfg = Release|Any CPU
		{437F72CF-1932-40B9-87C4-A33677E7AEAF}.Release|Any CPU.Build.0 = Release|Any CPU
		{437F72CF-1932-40B9-87C4-A33677E7AEAF}.Release|Any CPU.Deploy.0 = Release|Any CPU
		{437F72CF-1932-40B9-87C4-A33677E7AEAF}.Release|iPhone.ActiveCfg = Release|Any CPU
		{437F72CF-1932-40B9-87C4-A33677E7AEAF}.Release|iPhone.Build.0 = Release|Any CPU
		{437F72CF-1932-40B9-87C4-A33677E7AEAF}.Release|iPhone.Deploy.0 = Release|Any CPU
		{437F72CF-1932-40B9-87C4-A33677E7AEAF}.Release|iPhoneSimulator.ActiveCfg = Release|Any CPU
		{437F72CF-1932-40B9-87C4-A33677E7AEAF}.Release|iPhoneSimulator.Build.0 = Release|Any CPU
		{437F72CF-1932-40B9-87C4-A33677E7AEAF}.Release|iPhoneSimulator.Deploy.0 = Release|Any CPU
	EndGlobalSection
	GlobalSection(SolutionProperties) = preSolution
		HideSolutionNode = FALSE
	EndGlobalSection
	GlobalSection(ExtensibilityGlobals) = postSolution
		SolutionGuid = {80D4B66F-99CA-4722-AF5D-080D5E4E2F89}
	EndGlobalSection
EndGlobal
